
Microsoft Visual Studio Solution File, Format Version 12.00
# Visual Studio Version 17
VisualStudioVersion = 17.12.35521.163 d17.12
MinimumVisualStudioVersion = 10.0.40219.1
Project("{FAE04EC0-301F-11D3-BF4B-00C04F79EFBC}") = "PracticeLabExam", "PracticeLabExam\PracticeLabExam.csproj", "{C9129B9B-C5C1-426A-B28D-2F23E4A851A7}"
EndProject
Project("{FAE04EC0-301F-11D3-BF4B-00C04F79EFBC}") = "Question02", "Question02\Question02.csproj", "{735CECC9-36E0-4C8B-9603-2AE6956B9E68}"
EndProject
Global
	GlobalSection(SolutionConfigurationPlatforms) = preSolution
		Debug|Any CPU = Debug|Any CPU
		Release|Any CPU = Release|Any CPU
	EndGlobalSection
	GlobalSection(ProjectConfigurationPlatforms) = postSolution
		{C9129B9B-C5C1-426A-B28D-2F23E4A851A7}.Debug|Any CPU.ActiveCfg = Debug|Any CPU
		{C9129B9B-C5C1-426A-B28D-2F23E4A851A7}.Debug|Any CPU.Build.0 = Debug|Any CPU
		{C9129B9B-C5C1-426A-B28D-2F23E4A851A7}.Release|Any CPU.ActiveCfg = Release|Any CPU
		{C9129B9B-C5C1-426A-B28D-2F23E4A851A7}.Release|Any CPU.Build.0 = Release|Any CPU
		{735CECC9-36E0-4C8B-9603-2AE6956B9E68}.Debug|Any CPU.ActiveCfg = Debug|Any CPU
		{735CECC9-36E0-4C8B-9603-2AE6956B9E68}.Debug|Any CPU.Build.0 = Debug|Any CPU
		{735CECC9-36E0-4C8B-9603-2AE6956B9E68}.Release|Any CPU.ActiveCfg = Release|Any CPU
		{735CECC9-36E0-4C8B-9603-2AE6956B9E68}.Release|Any CPU.Build.0 = Release|Any CPU
	EndGlobalSection
	GlobalSection(SolutionProperties) = preSolution
		HideSolutionNode = FALSE
	EndGlobalSection
EndGlobal
