
Microsoft Visual Studio Solution File, Format Version 12.00
# Visual Studio Version 17
VisualStudioVersion = 17.11.35312.102
MinimumVisualStudioVersion = 10.0.40219.1
Project("{FAE04EC0-301F-11D3-BF4B-00C04F79EFBC}") = "demo_oct_07_2024_comparison_lambdas", "demo_oct_07_2024_comparison_lambdas\demo_oct_07_2024_comparison_lambdas.csproj", "{CED2EE7E-5B82-4D0C-A850-4E5A26698A15}"
EndProject
Global
	GlobalSection(SolutionConfigurationPlatforms) = preSolution
		Debug|Any CPU = Debug|Any CPU
		Release|Any CPU = Release|Any CPU
	EndGlobalSection
	GlobalSection(ProjectConfigurationPlatforms) = postSolution
		{CED2EE7E-5B82-4D0C-A850-4E5A26698A15}.Debug|Any CPU.ActiveCfg = Debug|Any CPU
		{CED2EE7E-5B82-4D0C-A850-4E5A26698A15}.Debug|Any CPU.Build.0 = Debug|Any CPU
		{CED2EE7E-5B82-4D0C-A850-4E5A26698A15}.Release|Any CPU.ActiveCfg = Release|Any CPU
		{CED2EE7E-5B82-4D0C-A850-4E5A26698A15}.Release|Any CPU.Build.0 = Release|Any CPU
	EndGlobalSection
	GlobalSection(SolutionProperties) = preSolution
		HideSolutionNode = FALSE
	EndGlobalSection
	GlobalSection(ExtensibilityGlobals) = postSolution
		SolutionGuid = {FCE837B5-FB40-4992-A4A8-E419AB939996}
	EndGlobalSection
EndGlobal
